
Microsoft Visual Studio Solution File, Format Version 12.00
# Visual Studio Version 17
VisualStudioVersion = 17.9.34728.123
MinimumVisualStudioVersion = 10.0.40219.1
Project("{FAE04EC0-301F-11D3-BF4B-00C04F79EFBC}") = "Latih14_BacaAppSettings", "Latih14_BacaAppSettings.csproj", "{07847218-4EA5-425A-93DF-86ECA608B7E6}"
EndProject
Global
	GlobalSection(SolutionConfigurationPlatforms) = preSolution
		Debug|Any CPU = Debug|Any CPU
		Release|Any CPU = Release|Any CPU
	EndGlobalSection
	GlobalSection(ProjectConfigurationPlatforms) = postSolution
		{07847218-4EA5-425A-93DF-86ECA608B7E6}.Debug|Any CPU.ActiveCfg = Debug|Any CPU
		{07847218-4EA5-425A-93DF-86ECA608B7E6}.Debug|Any CPU.Build.0 = Debug|Any CPU
		{07847218-4EA5-425A-93DF-86ECA608B7E6}.Release|Any CPU.ActiveCfg = Release|Any CPU
		{07847218-4EA5-425A-93DF-86ECA608B7E6}.Release|Any CPU.Build.0 = Release|Any CPU
	EndGlobalSection
	GlobalSection(SolutionProperties) = preSolution
		HideSolutionNode = FALSE
	EndGlobalSection
	GlobalSection(ExtensibilityGlobals) = postSolution
		SolutionGuid = {70A3676F-230F-4559-A2FB-F9D872F2633C}
	EndGlobalSection
EndGlobal
